
Microsoft Visual Studio Solution File, Format Version 12.00
# Visual Studio Version 17
VisualStudioVersion = 17.5.002.0
MinimumVisualStudioVersion = 10.0.40219.1
Project("{9A19103F-16F7-4668-BE54-9A1E7A4F7556}") = "VerificarAnoBisiesto", "VerificarAnoBisiesto\VerificarAnoBisiesto.csproj", "{D801DEAB-5A12-478C-B814-E60B059017A5}"
EndProject
Global
	GlobalSection(SolutionConfigurationPlatforms) = preSolution
		Debug|Any CPU = Debug|Any CPU
		Release|Any CPU = Release|Any CPU
	EndGlobalSection
	GlobalSection(ProjectConfigurationPlatforms) = postSolution
		{D801DEAB-5A12-478C-B814-E60B059017A5}.Debug|Any CPU.ActiveCfg = Debug|Any CPU
		{D801DEAB-5A12-478C-B814-E60B059017A5}.Debug|Any CPU.Build.0 = Debug|Any CPU
		{D801DEAB-5A12-478C-B814-E60B059017A5}.Release|Any CPU.ActiveCfg = Release|Any CPU
		{D801DEAB-5A12-478C-B814-E60B059017A5}.Release|Any CPU.Build.0 = Release|Any CPU
	EndGlobalSection
	GlobalSection(SolutionProperties) = preSolution
		HideSolutionNode = FALSE
	EndGlobalSection
	GlobalSection(ExtensibilityGlobals) = postSolution
		SolutionGuid = {E3D83F80-61B4-46E6-9049-AC4A62E57C5A}
	EndGlobalSection
EndGlobal
